{
  "nodes": {
    "flake-compat": {
      "flake": false,
      "locked": {
        "lastModified": 1627913399,
        "narHash": "sha256-hY8g6H2KFL8ownSiFeMOjwPC8P0ueXpCVEbxgda3pko=",
        "owner": "edolstra",
        "repo": "flake-compat",
        "rev": "12c64ca55c1014cdc1b16ed5a804aa8576601ff2",
        "type": "github"
      },
      "original": {
        "owner": "edolstra",
        "repo": "flake-compat",
        "type": "github"
      }
    },
    "nixpkgs": {
      "locked": {
        "lastModified": 1628755700,
        "narHash": "sha256-MLrsXqsGTqtjNl2vFrp+C/YPUwNGFgtBiTpRtBbMgJk=",
        "owner": "NixOS",
        "repo": "nixpkgs",
        "rev": "3276b62e6639096014652132f4824ac2b4f2a2c4",
        "type": "github"
      },
      "original": {
        "owner": "NixOS",
        "ref": "nixpkgs-unstable",
        "repo": "nixpkgs",
        "type": "github"
      }
    },
    "ort": {
      "flake": false,
      "locked": {
        "lastModified": 1628779033,
        "narHash": "sha256-zAsN9alh+3blRSVwe4dpKkb590qVb6yNHCMsLAIA8LI=",
        "owner": "oss-review-toolkit",
        "repo": "ort",
        "rev": "f35e75dd003e22e6eea5b39403a5afcb9d6bfd07",
        "type": "github"
      },
      "original": {
        "owner": "oss-review-toolkit",
        "repo": "ort",
        "type": "github"
      }
    },
    "root": {
      "inputs": {
        "flake-compat": "flake-compat",
        "nixpkgs": "nixpkgs",
        "ort": "ort"
      }
    }
  },
  "root": "root",
  "version": 7
}
