{
  "nodes": {
    "flake-compat": {
      "flake": false,
      "locked": {
        "lastModified": 1627913399,
        "narHash": "sha256-hY8g6H2KFL8ownSiFeMOjwPC8P0ueXpCVEbxgda3pko=",
        "owner": "edolstra",
        "repo": "flake-compat",
        "rev": "12c64ca55c1014cdc1b16ed5a804aa8576601ff2",
        "type": "github"
      },
      "original": {
        "owner": "edolstra",
        "repo": "flake-compat",
        "type": "github"
      }
    },
    "nixpkgs": {
      "locked": {
        "lastModified": 1629379651,
        "narHash": "sha256-k4WWTLqz3tYvCCVt9ANm3Ac7qR/qXi1Uk6Xf9RXO8VM=",
        "owner": "NixOS",
        "repo": "nixpkgs",
        "rev": "14b0f20fa1f56438b74100513c9b1f7c072cf789",
        "type": "github"
      },
      "original": {
        "owner": "NixOS",
        "ref": "nixpkgs-unstable",
        "repo": "nixpkgs",
        "type": "github"
      }
    },
    "ort": {
      "flake": false,
      "locked": {
        "lastModified": 1629703047,
        "narHash": "sha256-m4BleLXrrsAJpX9K5jHkkAJZ/jQOwBHKXw84fjDCLaA=",
        "owner": "oss-review-toolkit",
        "repo": "ort",
        "rev": "3f7bb3864d56425e05a1a7ea036cb32b68fd0581",
        "type": "github"
      },
      "original": {
        "owner": "oss-review-toolkit",
        "repo": "ort",
        "type": "github"
      }
    },
    "root": {
      "inputs": {
        "flake-compat": "flake-compat",
        "nixpkgs": "nixpkgs",
        "ort": "ort"
      }
    }
  },
  "root": "root",
  "version": 7
}
