{
  "nodes": {
    "flake-compat": {
      "flake": false,
      "locked": {
        "lastModified": 1627913399,
        "narHash": "sha256-hY8g6H2KFL8ownSiFeMOjwPC8P0ueXpCVEbxgda3pko=",
        "owner": "edolstra",
        "repo": "flake-compat",
        "rev": "12c64ca55c1014cdc1b16ed5a804aa8576601ff2",
        "type": "github"
      },
      "original": {
        "owner": "edolstra",
        "repo": "flake-compat",
        "type": "github"
      }
    },
    "nixpkgs": {
      "locked": {
        "lastModified": 1628725965,
        "narHash": "sha256-jk/H8lBwj7crskYPRnM84/xJyNckh8agzKFQsumJCL4=",
        "owner": "NixOS",
        "repo": "nixpkgs",
        "rev": "17b4b7097f1899628f926c415a7b9a2cfebaf440",
        "type": "github"
      },
      "original": {
        "owner": "NixOS",
        "ref": "nixpkgs-unstable",
        "repo": "nixpkgs",
        "type": "github"
      }
    },
    "ort": {
      "flake": false,
      "locked": {
        "lastModified": 1628758789,
        "narHash": "sha256-/7Mhw6T70tvXACbx3s22i2CilcduJn4dkCe1YtAWYGg=",
        "owner": "oss-review-toolkit",
        "repo": "ort",
        "rev": "4e9ee6a697ff3e08d610f74adc77bf70de881312",
        "type": "github"
      },
      "original": {
        "owner": "oss-review-toolkit",
        "repo": "ort",
        "type": "github"
      }
    },
    "root": {
      "inputs": {
        "flake-compat": "flake-compat",
        "nixpkgs": "nixpkgs",
        "ort": "ort"
      }
    }
  },
  "root": "root",
  "version": 7
}
